// !$*UTF8*$!
{
	archiveVersion = 1;
	classes = {
	};
	objectVersion = 46;
	objects = {

/* Begin PBXBuildFile section */
		1C767DC54007D5661ED0171E /* Pods_tcdSandbox1.framework in Frameworks */ = {isa = PBXBuildFile; fileRef = 90C3B943BCDF741D5D4165EF /* Pods_tcdSandbox1.framework */; };
		2B63298B1E65E5DE008AACBC /* AnimationClass.swift in Sources */ = {isa = PBXBuildFile; fileRef = 2B63298A1E65E5DE008AACBC /* AnimationClass.swift */; };
		2B6CEE281E5E0DB400C83FCC /* CourseLevel.swift in Sources */ = {isa = PBXBuildFile; fileRef = 2B6CEE271E5E0DB400C83FCC /* CourseLevel.swift */; };
		2B6CEE2A1E5E0E8D00C83FCC /* CourseLevelCKExtension.swift in Sources */ = {isa = PBXBuildFile; fileRef = 2B6CEE291E5E0E8D00C83FCC /* CourseLevelCKExtension.swift */; };
		2B6CEE2D1E5E117B00C83FCC /* CloudKit.framework in Frameworks */ = {isa = PBXBuildFile; fileRef = 2B6CEE2C1E5E117B00C83FCC /* CloudKit.framework */; };
		2B6CEE2F1E5E239300C83FCC /* CourseSessionObject.swift in Sources */ = {isa = PBXBuildFile; fileRef = 2B6CEE2E1E5E239300C83FCC /* CourseSessionObject.swift */; };
		2B8857EA1E3143110009A9FC /* calendarCellView.xib in Resources */ = {isa = PBXBuildFile; fileRef = 2B8857E91E3143110009A9FC /* calendarCellView.xib */; };
		2B8857EC1E3143660009A9FC /* calendarCellView.swift in Sources */ = {isa = PBXBuildFile; fileRef = 2B8857EB1E3143660009A9FC /* calendarCellView.swift */; };
		2BB11BC21E36BB07004B7FE8 /* headerView.swift in Sources */ = {isa = PBXBuildFile; fileRef = 2BB11BC11E36BB07004B7FE8 /* headerView.swift */; };
		2BB11BC41E36BB19004B7FE8 /* headerView.xib in Resources */ = {isa = PBXBuildFile; fileRef = 2BB11BC31E36BB19004B7FE8 /* headerView.xib */; };
		2BE803DB1E6499D5008A63D7 /* individualCourseObject.swift in Sources */ = {isa = PBXBuildFile; fileRef = 2BE803DA1E6499D5008A63D7 /* individualCourseObject.swift */; };
		2BE803DD1E64B0D7008A63D7 /* DateExt.swift in Sources */ = {isa = PBXBuildFile; fileRef = 2BE803DC1E64B0D7008A63D7 /* DateExt.swift */; };
		2BE8B8D11E60845200E58166 /* CalendarPickerDelegateExt.swift in Sources */ = {isa = PBXBuildFile; fileRef = 2BE8B8C71E60845200E58166 /* CalendarPickerDelegateExt.swift */; };
		2BE8B8D21E60845200E58166 /* CalendarPickerVC.swift in Sources */ = {isa = PBXBuildFile; fileRef = 2BE8B8C81E60845200E58166 /* CalendarPickerVC.swift */; };
		2BE8B8D31E60845200E58166 /* ContainerCntntDelegatesExt.swift in Sources */ = {isa = PBXBuildFile; fileRef = 2BE8B8C91E60845200E58166 /* ContainerCntntDelegatesExt.swift */; };
		2BE8B8D41E60845200E58166 /* ContainerControllerProtocol.swift in Sources */ = {isa = PBXBuildFile; fileRef = 2BE8B8CA1E60845200E58166 /* ContainerControllerProtocol.swift */; };
		2BE8B8D51E60845200E58166 /* ContainerCtrlDelegateExt.swift in Sources */ = {isa = PBXBuildFile; fileRef = 2BE8B8CB1E60845200E58166 /* ContainerCtrlDelegateExt.swift */; };
		2BE8B8D61E60845200E58166 /* ContainerPickerVC.swift in Sources */ = {isa = PBXBuildFile; fileRef = 2BE8B8CC1E60845200E58166 /* ContainerPickerVC.swift */; };
		2BE8B8D71E60845200E58166 /* ContentsControllerProtocol.swift in Sources */ = {isa = PBXBuildFile; fileRef = 2BE8B8CD1E60845200E58166 /* ContentsControllerProtocol.swift */; };
		2BE8B8D81E60845200E58166 /* ContentsVC.swift in Sources */ = {isa = PBXBuildFile; fileRef = 2BE8B8CE1E60845200E58166 /* ContentsVC.swift */; };
		2BE8B8D91E60845200E58166 /* CourseLevelProtocol.swift in Sources */ = {isa = PBXBuildFile; fileRef = 2BE8B8CF1E60845200E58166 /* CourseLevelProtocol.swift */; };
		2BED372D1E2847050027163A /* AppDelegate.swift in Sources */ = {isa = PBXBuildFile; fileRef = 2BED372C1E2847050027163A /* AppDelegate.swift */; };
		2BED37321E2847050027163A /* Main.storyboard in Resources */ = {isa = PBXBuildFile; fileRef = 2BED37301E2847050027163A /* Main.storyboard */; };
		2BED37341E2847050027163A /* Assets.xcassets in Resources */ = {isa = PBXBuildFile; fileRef = 2BED37331E2847050027163A /* Assets.xcassets */; };
		2BED37371E2847050027163A /* LaunchScreen.storyboard in Resources */ = {isa = PBXBuildFile; fileRef = 2BED37351E2847050027163A /* LaunchScreen.storyboard */; };
		2BED37421E2847050027163A /* tcdSandboxTests.swift in Sources */ = {isa = PBXBuildFile; fileRef = 2BED37411E2847050027163A /* tcdSandboxTests.swift */; };
		2BED374D1E2847050027163A /* tcdSandboxUITests.swift in Sources */ = {isa = PBXBuildFile; fileRef = 2BED374C1E2847050027163A /* tcdSandboxUITests.swift */; };
		698D207B4AD7480FC68AD035 /* Pods_tcdSandbox1Tests.framework in Frameworks */ = {isa = PBXBuildFile; fileRef = 245B45FE769312C6E9C10710 /* Pods_tcdSandbox1Tests.framework */; };
		6D3369FE877E3CE2A73F7E35 /* Pods_tcdSandbox1UITests.framework in Frameworks */ = {isa = PBXBuildFile; fileRef = 4A5A4925833E927C952D5609 /* Pods_tcdSandbox1UITests.framework */; };
/* End PBXBuildFile section */

/* Begin PBXContainerItemProxy section */
		2BED373E1E2847050027163A /* PBXContainerItemProxy */ = {
			isa = PBXContainerItemProxy;
			containerPortal = 2BED37211E2847050027163A /* Project object */;
			proxyType = 1;
			remoteGlobalIDString = 2BED37281E2847050027163A;
			remoteInfo = tcdSandbox;
		};
		2BED37491E2847050027163A /* PBXContainerItemProxy */ = {
			isa = PBXContainerItemProxy;
			containerPortal = 2BED37211E2847050027163A /* Project object */;
			proxyType = 1;
			remoteGlobalIDString = 2BED37281E2847050027163A;
			remoteInfo = tcdSandbox;
		};
/* End PBXContainerItemProxy section */

/* Begin PBXFileReference section */
		245B45FE769312C6E9C10710 /* Pods_tcdSandbox1Tests.framework */ = {isa = PBXFileReference; explicitFileType = wrapper.framework; includeInIndex = 0; path = Pods_tcdSandbox1Tests.framework; sourceTree = BUILT_PRODUCTS_DIR; };
		2B2614B21E5E9E83005BBC57 /* Cely.framework */ = {isa = PBXFileReference; lastKnownFileType = wrapper.framework; name = Cely.framework; path = Carthage/Build/iOS/Cely.framework; sourceTree = "<group>"; };
		2B2614B31E5E9E83005BBC57 /* Locksmith.framework */ = {isa = PBXFileReference; lastKnownFileType = wrapper.framework; name = Locksmith.framework; path = Carthage/Build/iOS/Locksmith.framework; sourceTree = "<group>"; };
		2B63298A1E65E5DE008AACBC /* AnimationClass.swift */ = {isa = PBXFileReference; fileEncoding = 4; lastKnownFileType = sourcecode.swift; path = AnimationClass.swift; sourceTree = "<group>"; };
		2B6CEE271E5E0DB400C83FCC /* CourseLevel.swift */ = {isa = PBXFileReference; fileEncoding = 4; lastKnownFileType = sourcecode.swift; path = CourseLevel.swift; sourceTree = "<group>"; };
		2B6CEE291E5E0E8D00C83FCC /* CourseLevelCKExtension.swift */ = {isa = PBXFileReference; fileEncoding = 4; lastKnownFileType = sourcecode.swift; path = CourseLevelCKExtension.swift; sourceTree = "<group>"; };
		2B6CEE2B1E5E117400C83FCC /* tcdApp.entitlements */ = {isa = PBXFileReference; lastKnownFileType = text.plist.entitlements; path = tcdApp.entitlements; sourceTree = "<group>"; };
		2B6CEE2C1E5E117B00C83FCC /* CloudKit.framework */ = {isa = PBXFileReference; lastKnownFileType = wrapper.framework; name = CloudKit.framework; path = System/Library/Frameworks/CloudKit.framework; sourceTree = SDKROOT; };
		2B6CEE2E1E5E239300C83FCC /* CourseSessionObject.swift */ = {isa = PBXFileReference; fileEncoding = 4; lastKnownFileType = sourcecode.swift; path = CourseSessionObject.swift; sourceTree = "<group>"; };
		2B8857E91E3143110009A9FC /* calendarCellView.xib */ = {isa = PBXFileReference; fileEncoding = 4; lastKnownFileType = file.xib; path = calendarCellView.xib; sourceTree = "<group>"; };
		2B8857EB1E3143660009A9FC /* calendarCellView.swift */ = {isa = PBXFileReference; fileEncoding = 4; lastKnownFileType = sourcecode.swift; path = calendarCellView.swift; sourceTree = "<group>"; };
		2BB11BC11E36BB07004B7FE8 /* headerView.swift */ = {isa = PBXFileReference; fileEncoding = 4; lastKnownFileType = sourcecode.swift; path = headerView.swift; sourceTree = "<group>"; };
		2BB11BC31E36BB19004B7FE8 /* headerView.xib */ = {isa = PBXFileReference; fileEncoding = 4; lastKnownFileType = file.xib; path = headerView.xib; sourceTree = "<group>"; };
		2BE803DA1E6499D5008A63D7 /* individualCourseObject.swift */ = {isa = PBXFileReference; fileEncoding = 4; lastKnownFileType = sourcecode.swift; path = individualCourseObject.swift; sourceTree = "<group>"; };
		2BE803DC1E64B0D7008A63D7 /* DateExt.swift */ = {isa = PBXFileReference; fileEncoding = 4; lastKnownFileType = sourcecode.swift; path = DateExt.swift; sourceTree = "<group>"; };
		2BE8B8C71E60845200E58166 /* CalendarPickerDelegateExt.swift */ = {isa = PBXFileReference; fileEncoding = 4; lastKnownFileType = sourcecode.swift; path = CalendarPickerDelegateExt.swift; sourceTree = "<group>"; };
		2BE8B8C81E60845200E58166 /* CalendarPickerVC.swift */ = {isa = PBXFileReference; fileEncoding = 4; lastKnownFileType = sourcecode.swift; path = CalendarPickerVC.swift; sourceTree = "<group>"; };
		2BE8B8C91E60845200E58166 /* ContainerCntntDelegatesExt.swift */ = {isa = PBXFileReference; fileEncoding = 4; lastKnownFileType = sourcecode.swift; path = ContainerCntntDelegatesExt.swift; sourceTree = "<group>"; };
		2BE8B8CA1E60845200E58166 /* ContainerControllerProtocol.swift */ = {isa = PBXFileReference; fileEncoding = 4; lastKnownFileType = sourcecode.swift; path = ContainerControllerProtocol.swift; sourceTree = "<group>"; };
		2BE8B8CB1E60845200E58166 /* ContainerCtrlDelegateExt.swift */ = {isa = PBXFileReference; fileEncoding = 4; lastKnownFileType = sourcecode.swift; path = ContainerCtrlDelegateExt.swift; sourceTree = "<group>"; };
		2BE8B8CC1E60845200E58166 /* ContainerPickerVC.swift */ = {isa = PBXFileReference; fileEncoding = 4; lastKnownFileType = sourcecode.swift; path = ContainerPickerVC.swift; sourceTree = "<group>"; };
		2BE8B8CD1E60845200E58166 /* ContentsControllerProtocol.swift */ = {isa = PBXFileReference; fileEncoding = 4; lastKnownFileType = sourcecode.swift; path = ContentsControllerProtocol.swift; sourceTree = "<group>"; };
		2BE8B8CE1E60845200E58166 /* ContentsVC.swift */ = {isa = PBXFileReference; fileEncoding = 4; lastKnownFileType = sourcecode.swift; path = ContentsVC.swift; sourceTree = "<group>"; };
		2BE8B8CF1E60845200E58166 /* CourseLevelProtocol.swift */ = {isa = PBXFileReference; fileEncoding = 4; lastKnownFileType = sourcecode.swift; path = CourseLevelProtocol.swift; sourceTree = "<group>"; };
		2BED37291E2847050027163A /* tcdApp.app */ = {isa = PBXFileReference; explicitFileType = wrapper.application; includeInIndex = 0; path = tcdApp.app; sourceTree = BUILT_PRODUCTS_DIR; };
		2BED372C1E2847050027163A /* AppDelegate.swift */ = {isa = PBXFileReference; lastKnownFileType = sourcecode.swift; path = AppDelegate.swift; sourceTree = "<group>"; };
		2BED37311E2847050027163A /* Base */ = {isa = PBXFileReference; lastKnownFileType = file.storyboard; name = Base; path = Base.lproj/Main.storyboard; sourceTree = "<group>"; };
		2BED37331E2847050027163A /* Assets.xcassets */ = {isa = PBXFileReference; lastKnownFileType = folder.assetcatalog; path = Assets.xcassets; sourceTree = "<group>"; };
		2BED37361E2847050027163A /* Base */ = {isa = PBXFileReference; lastKnownFileType = file.storyboard; name = Base; path = Base.lproj/LaunchScreen.storyboard; sourceTree = "<group>"; };
		2BED37381E2847050027163A /* Info.plist */ = {isa = PBXFileReference; lastKnownFileType = text.plist.xml; path = Info.plist; sourceTree = "<group>"; };
		2BED373D1E2847050027163A /* tcdAppTests.xctest */ = {isa = PBXFileReference; explicitFileType = wrapper.cfbundle; includeInIndex = 0; path = tcdAppTests.xctest; sourceTree = BUILT_PRODUCTS_DIR; };
		2BED37411E2847050027163A /* tcdSandboxTests.swift */ = {isa = PBXFileReference; lastKnownFileType = sourcecode.swift; path = tcdSandboxTests.swift; sourceTree = "<group>"; };
		2BED37431E2847050027163A /* Info.plist */ = {isa = PBXFileReference; lastKnownFileType = text.plist.xml; path = Info.plist; sourceTree = "<group>"; };
		2BED37481E2847050027163A /* tcdAppUITests.xctest */ = {isa = PBXFileReference; explicitFileType = wrapper.cfbundle; includeInIndex = 0; path = tcdAppUITests.xctest; sourceTree = BUILT_PRODUCTS_DIR; };
		2BED374C1E2847050027163A /* tcdSandboxUITests.swift */ = {isa = PBXFileReference; lastKnownFileType = sourcecode.swift; path = tcdSandboxUITests.swift; sourceTree = "<group>"; };
		2BED374E1E2847050027163A /* Info.plist */ = {isa = PBXFileReference; lastKnownFileType = text.plist.xml; path = Info.plist; sourceTree = "<group>"; };
		39885E8A457117152D56CF1B /* Pods-tcdSandbox1UITests.release.xcconfig */ = {isa = PBXFileReference; includeInIndex = 1; lastKnownFileType = text.xcconfig; name = "Pods-tcdSandbox1UITests.release.xcconfig"; path = "Pods/Target Support Files/Pods-tcdSandbox1UITests/Pods-tcdSandbox1UITests.release.xcconfig"; sourceTree = "<group>"; };
		4A5A4925833E927C952D5609 /* Pods_tcdSandbox1UITests.framework */ = {isa = PBXFileReference; explicitFileType = wrapper.framework; includeInIndex = 0; path = Pods_tcdSandbox1UITests.framework; sourceTree = BUILT_PRODUCTS_DIR; };
		7F7F28D0006DB6284D38088A /* Pods-tcdSandbox1UITests.debug.xcconfig */ = {isa = PBXFileReference; includeInIndex = 1; lastKnownFileType = text.xcconfig; name = "Pods-tcdSandbox1UITests.debug.xcconfig"; path = "Pods/Target Support Files/Pods-tcdSandbox1UITests/Pods-tcdSandbox1UITests.debug.xcconfig"; sourceTree = "<group>"; };
		805AF0DC47440350E066C49B /* Pods-tcdSandbox1.debug.xcconfig */ = {isa = PBXFileReference; includeInIndex = 1; lastKnownFileType = text.xcconfig; name = "Pods-tcdSandbox1.debug.xcconfig"; path = "Pods/Target Support Files/Pods-tcdSandbox1/Pods-tcdSandbox1.debug.xcconfig"; sourceTree = "<group>"; };
		90C3B943BCDF741D5D4165EF /* Pods_tcdSandbox1.framework */ = {isa = PBXFileReference; explicitFileType = wrapper.framework; includeInIndex = 0; path = Pods_tcdSandbox1.framework; sourceTree = BUILT_PRODUCTS_DIR; };
		CED4ED2BDF1EC4693542C187 /* Pods-tcdSandbox1Tests.release.xcconfig */ = {isa = PBXFileReference; includeInIndex = 1; lastKnownFileType = text.xcconfig; name = "Pods-tcdSandbox1Tests.release.xcconfig"; path = "Pods/Target Support Files/Pods-tcdSandbox1Tests/Pods-tcdSandbox1Tests.release.xcconfig"; sourceTree = "<group>"; };
		D871603DFF5881485D38BC77 /* Pods-tcdSandbox1Tests.debug.xcconfig */ = {isa = PBXFileReference; includeInIndex = 1; lastKnownFileType = text.xcconfig; name = "Pods-tcdSandbox1Tests.debug.xcconfig"; path = "Pods/Target Support Files/Pods-tcdSandbox1Tests/Pods-tcdSandbox1Tests.debug.xcconfig"; sourceTree = "<group>"; };
		FE8B43903575C554B043000E /* Pods-tcdSandbox1.release.xcconfig */ = {isa = PBXFileReference; includeInIndex = 1; lastKnownFileType = text.xcconfig; name = "Pods-tcdSandbox1.release.xcconfig"; path = "Pods/Target Support Files/Pods-tcdSandbox1/Pods-tcdSandbox1.release.xcconfig"; sourceTree = "<group>"; };
/* End PBXFileReference section */

/* Begin PBXFrameworksBuildPhase section */
		2BED37261E2847050027163A /* Frameworks */ = {
			isa = PBXFrameworksBuildPhase;
			buildActionMask = 2147483647;
			files = (
				1C767DC54007D5661ED0171E /* Pods_tcdSandbox1.framework in Frameworks */,
				2B6CEE2D1E5E117B00C83FCC /* CloudKit.framework in Frameworks */,
			);
			runOnlyForDeploymentPostprocessing = 0;
		};
		2BED373A1E2847050027163A /* Frameworks */ = {
			isa = PBXFrameworksBuildPhase;
			buildActionMask = 2147483647;
			files = (
				698D207B4AD7480FC68AD035 /* Pods_tcdSandbox1Tests.framework in Frameworks */,
			);
			runOnlyForDeploymentPostprocessing = 0;
		};
		2BED37451E2847050027163A /* Frameworks */ = {
			isa = PBXFrameworksBuildPhase;
			buildActionMask = 2147483647;
			files = (
				6D3369FE877E3CE2A73F7E35 /* Pods_tcdSandbox1UITests.framework in Frameworks */,
			);
			runOnlyForDeploymentPostprocessing = 0;
		};
/* End PBXFrameworksBuildPhase section */

/* Begin PBXGroup section */
		2BAD761E1E2FFFE600B5636D /* Controllers */ = {
			isa = PBXGroup;
			children = (
				2BE8B8DB1E60854000E58166 /* controllerProtocols */,
				2BE8B8DD1E60981D00E58166 /* vcDelegateExt */,
				2BE8B8CC1E60845200E58166 /* ContainerPickerVC.swift */,
				2BE8B8C81E60845200E58166 /* CalendarPickerVC.swift */,
				2BE8B8CE1E60845200E58166 /* ContentsVC.swift */,
			);
			name = Controllers;
			sourceTree = "<group>";
		};
		2BAD76211E30122800B5636D /* Views */ = {
			isa = PBXGroup;
			children = (
				2B8857E91E3143110009A9FC /* calendarCellView.xib */,
				2BB11BC31E36BB19004B7FE8 /* headerView.xib */,
				2B8857EB1E3143660009A9FC /* calendarCellView.swift */,
				2BB11BC11E36BB07004B7FE8 /* headerView.swift */,
				2B63298A1E65E5DE008AACBC /* AnimationClass.swift */,
			);
			name = Views;
			sourceTree = "<group>";
		};
		2BB11BC71E36CE41004B7FE8 /* Model */ = {
			isa = PBXGroup;
			children = (
				2B6CEE271E5E0DB400C83FCC /* CourseLevel.swift */,
				2B6CEE291E5E0E8D00C83FCC /* CourseLevelCKExtension.swift */,
				2B6CEE2E1E5E239300C83FCC /* CourseSessionObject.swift */,
				2BE803DA1E6499D5008A63D7 /* individualCourseObject.swift */,
				2BE803DC1E64B0D7008A63D7 /* DateExt.swift */,
			);
			name = Model;
			sourceTree = "<group>";
		};
		2BE8B8DB1E60854000E58166 /* controllerProtocols */ = {
			isa = PBXGroup;
			children = (
				2BE8B8CA1E60845200E58166 /* ContainerControllerProtocol.swift */,
				2BE8B8CD1E60845200E58166 /* ContentsControllerProtocol.swift */,
				2BE8B8CF1E60845200E58166 /* CourseLevelProtocol.swift */,
			);
			name = controllerProtocols;
			sourceTree = "<group>";
		};
		2BE8B8DD1E60981D00E58166 /* vcDelegateExt */ = {
			isa = PBXGroup;
			children = (
				2BE8B8CB1E60845200E58166 /* ContainerCtrlDelegateExt.swift */,
				2BE8B8C91E60845200E58166 /* ContainerCntntDelegatesExt.swift */,
				2BE8B8C71E60845200E58166 /* CalendarPickerDelegateExt.swift */,
			);
			name = vcDelegateExt;
			sourceTree = "<group>";
		};
		2BED37201E2847050027163A = {
			isa = PBXGroup;
			children = (
				2B6CEE2B1E5E117400C83FCC /* tcdApp.entitlements */,
				2BED372B1E2847050027163A /* tcdSandbox */,
				2BED37401E2847050027163A /* tcdSandboxTests */,
				2BED374B1E2847050027163A /* tcdSandboxUITests */,
				2BED372A1E2847050027163A /* Products */,
				402A26A5C84894C3389DF4CD /* Pods */,
				AC57ED1E6A49391361EBBE0D /* Frameworks */,
			);
			sourceTree = "<group>";
		};
		2BED372A1E2847050027163A /* Products */ = {
			isa = PBXGroup;
			children = (
				2BED37291E2847050027163A /* tcdApp.app */,
				2BED373D1E2847050027163A /* tcdAppTests.xctest */,
				2BED37481E2847050027163A /* tcdAppUITests.xctest */,
			);
			name = Products;
			sourceTree = "<group>";
		};
		2BED372B1E2847050027163A /* tcdSandbox */ = {
			isa = PBXGroup;
			children = (
				2BED372C1E2847050027163A /* AppDelegate.swift */,
				2BB11BC71E36CE41004B7FE8 /* Model */,
				2BAD76211E30122800B5636D /* Views */,
				2BAD761E1E2FFFE600B5636D /* Controllers */,
				2BED37301E2847050027163A /* Main.storyboard */,
				2BED37331E2847050027163A /* Assets.xcassets */,
				2BED37351E2847050027163A /* LaunchScreen.storyboard */,
				2BED37381E2847050027163A /* Info.plist */,
			);
			path = tcdSandbox;
			sourceTree = "<group>";
		};
		2BED37401E2847050027163A /* tcdSandboxTests */ = {
			isa = PBXGroup;
			children = (
				2BED37411E2847050027163A /* tcdSandboxTests.swift */,
				2BED37431E2847050027163A /* Info.plist */,
			);
			path = tcdSandboxTests;
			sourceTree = "<group>";
		};
		2BED374B1E2847050027163A /* tcdSandboxUITests */ = {
			isa = PBXGroup;
			children = (
				2BED374C1E2847050027163A /* tcdSandboxUITests.swift */,
				2BED374E1E2847050027163A /* Info.plist */,
			);
			path = tcdSandboxUITests;
			sourceTree = "<group>";
		};
		402A26A5C84894C3389DF4CD /* Pods */ = {
			isa = PBXGroup;
			children = (
				805AF0DC47440350E066C49B /* Pods-tcdSandbox1.debug.xcconfig */,
				FE8B43903575C554B043000E /* Pods-tcdSandbox1.release.xcconfig */,
				D871603DFF5881485D38BC77 /* Pods-tcdSandbox1Tests.debug.xcconfig */,
				CED4ED2BDF1EC4693542C187 /* Pods-tcdSandbox1Tests.release.xcconfig */,
				7F7F28D0006DB6284D38088A /* Pods-tcdSandbox1UITests.debug.xcconfig */,
				39885E8A457117152D56CF1B /* Pods-tcdSandbox1UITests.release.xcconfig */,
			);
			name = Pods;
			sourceTree = "<group>";
		};
		AC57ED1E6A49391361EBBE0D /* Frameworks */ = {
			isa = PBXGroup;
			children = (
				2B2614B21E5E9E83005BBC57 /* Cely.framework */,
				2B2614B31E5E9E83005BBC57 /* Locksmith.framework */,
				2B6CEE2C1E5E117B00C83FCC /* CloudKit.framework */,
				90C3B943BCDF741D5D4165EF /* Pods_tcdSandbox1.framework */,
				245B45FE769312C6E9C10710 /* Pods_tcdSandbox1Tests.framework */,
				4A5A4925833E927C952D5609 /* Pods_tcdSandbox1UITests.framework */,
			);
			name = Frameworks;
			sourceTree = "<group>";
		};
/* End PBXGroup section */

/* Begin PBXNativeTarget section */
		2BED37281E2847050027163A /* tcdApp */ = {
			isa = PBXNativeTarget;
			buildConfigurationList = 2BED37511E2847050027163A /* Build configuration list for PBXNativeTarget "tcdApp" */;
			buildPhases = (
				E139E4DBEE19A8127A4C8FDD /* 📦 Check Pods Manifest.lock */,
				2BED37251E2847050027163A /* Sources */,
				2BED37261E2847050027163A /* Frameworks */,
				2BED37271E2847050027163A /* Resources */,
				64049B4101A7C75735615CF3 /* 📦 Embed Pods Frameworks */,
				9FC9F9231F59E690D0CF1D11 /* 📦 Copy Pods Resources */,
			);
			buildRules = (
			);
			dependencies = (
			);
			name = tcdApp;
			productName = tcdSandbox;
			productReference = 2BED37291E2847050027163A /* tcdApp.app */;
			productType = "com.apple.product-type.application";
		};
		2BED373C1E2847050027163A /* tcdAppTests */ = {
			isa = PBXNativeTarget;
			buildConfigurationList = 2BED37541E2847050027163A /* Build configuration list for PBXNativeTarget "tcdAppTests" */;
			buildPhases = (
				3316D2E049E7A469AE39E563 /* 📦 Check Pods Manifest.lock */,
				2BED37391E2847050027163A /* Sources */,
				2BED373A1E2847050027163A /* Frameworks */,
				2BED373B1E2847050027163A /* Resources */,
				5C0A8C4DF01814A6700590C6 /* 📦 Embed Pods Frameworks */,
				F81A8E1A9C91C035B0B288DE /* 📦 Copy Pods Resources */,
			);
			buildRules = (
			);
			dependencies = (
				2BED373F1E2847050027163A /* PBXTargetDependency */,
			);
			name = tcdAppTests;
			productName = tcdSandboxTests;
			productReference = 2BED373D1E2847050027163A /* tcdAppTests.xctest */;
			productType = "com.apple.product-type.bundle.unit-test";
		};
		2BED37471E2847050027163A /* tcdAppUITests */ = {
			isa = PBXNativeTarget;
			buildConfigurationList = 2BED37571E2847050027163A /* Build configuration list for PBXNativeTarget "tcdAppUITests" */;
			buildPhases = (
				9B0803A7DEBC384D2116C35C /* 📦 Check Pods Manifest.lock */,
				2BED37441E2847050027163A /* Sources */,
				2BED37451E2847050027163A /* Frameworks */,
				2BED37461E2847050027163A /* Resources */,
				78CFC4EB0707F4C9120C5F10 /* 📦 Copy Pods Resources */,
			);
			buildRules = (
			);
			dependencies = (
				2BED374A1E2847050027163A /* PBXTargetDependency */,
			);
			name = tcdAppUITests;
			productName = tcdSandboxUITests;
			productReference = 2BED37481E2847050027163A /* tcdAppUITests.xctest */;
			productType = "com.apple.product-type.bundle.ui-testing";
		};
/* End PBXNativeTarget section */

/* Begin PBXProject section */
		2BED37211E2847050027163A /* Project object */ = {
			isa = PBXProject;
			attributes = {
				LastSwiftUpdateCheck = 0820;
				LastUpgradeCheck = 0820;
				ORGANIZATIONNAME = "James O'Connor";
				TargetAttributes = {
					2BED37281E2847050027163A = {
						CreatedOnToolsVersion = 8.2.1;
						DevelopmentTeam = V8CTKMGRU2;
						LastSwiftMigration = 0820;
						ProvisioningStyle = Automatic;
						SystemCapabilities = {
							com.apple.iCloud = {
								enabled = 1;
							};
						};
					};
					2BED373C1E2847050027163A = {
						CreatedOnToolsVersion = 8.2.1;
						LastSwiftMigration = 0820;
						ProvisioningStyle = Automatic;
						TestTargetID = 2BED37281E2847050027163A;
					};
					2BED37471E2847050027163A = {
						CreatedOnToolsVersion = 8.2.1;
						LastSwiftMigration = 0820;
						ProvisioningStyle = Automatic;
						TestTargetID = 2BED37281E2847050027163A;
					};
				};
			};
			buildConfigurationList = 2BED37241E2847050027163A /* Build configuration list for PBXProject "tcdApp" */;
			compatibilityVersion = "Xcode 3.2";
			developmentRegion = English;
			hasScannedForEncodings = 0;
			knownRegions = (
				en,
				Base,
			);
			mainGroup = 2BED37201E2847050027163A;
			productRefGroup = 2BED372A1E2847050027163A /* Products */;
			projectDirPath = "";
			projectRoot = "";
			targets = (
				2BED37281E2847050027163A /* tcdApp */,
				2BED373C1E2847050027163A /* tcdAppTests */,
				2BED37471E2847050027163A /* tcdAppUITests */,
			);
		};
/* End PBXProject section */

/* Begin PBXResourcesBuildPhase section */
		2BED37271E2847050027163A /* Resources */ = {
			isa = PBXResourcesBuildPhase;
			buildActionMask = 2147483647;
			files = (
				2BED37371E2847050027163A /* LaunchScreen.storyboard in Resources */,
				2BB11BC41E36BB19004B7FE8 /* headerView.xib in Resources */,
				2BED37341E2847050027163A /* Assets.xcassets in Resources */,
				2B8857EA1E3143110009A9FC /* calendarCellView.xib in Resources */,
				2BED37321E2847050027163A /* Main.storyboard in Resources */,
			);
			runOnlyForDeploymentPostprocessing = 0;
		};
		2BED373B1E2847050027163A /* Resources */ = {
			isa = PBXResourcesBuildPhase;
			buildActionMask = 2147483647;
			files = (
			);
			runOnlyForDeploymentPostprocessing = 0;
		};
		2BED37461E2847050027163A /* Resources */ = {
			isa = PBXResourcesBuildPhase;
			buildActionMask = 2147483647;
			files = (
			);
			runOnlyForDeploymentPostprocessing = 0;
		};
/* End PBXResourcesBuildPhase section */

/* Begin PBXShellScriptBuildPhase section */
		3316D2E049E7A469AE39E563 /* 📦 Check Pods Manifest.lock */ = {
			isa = PBXShellScriptBuildPhase;
			buildActionMask = 2147483647;
			files = (
			);
			inputPaths = (
			);
			name = "📦 Check Pods Manifest.lock";
			outputPaths = (
			);
			runOnlyForDeploymentPostprocessing = 0;
			shellPath = /bin/sh;
			shellScript = "diff \"${PODS_ROOT}/../Podfile.lock\" \"${PODS_ROOT}/Manifest.lock\" > /dev/null\nif [[ $? != 0 ]] ; then\n    cat << EOM\nerror: The sandbox is not in sync with the Podfile.lock. Run 'pod install' or update your CocoaPods installation.\nEOM\n    exit 1\nfi\n";
			showEnvVarsInLog = 0;
		};
		5C0A8C4DF01814A6700590C6 /* 📦 Embed Pods Frameworks */ = {
			isa = PBXShellScriptBuildPhase;
			buildActionMask = 2147483647;
			files = (
			);
			inputPaths = (
			);
			name = "📦 Embed Pods Frameworks";
			outputPaths = (
			);
			runOnlyForDeploymentPostprocessing = 0;
			shellPath = /bin/sh;
			shellScript = "\"${SRCROOT}/Pods/Target Support Files/Pods-tcdSandbox1Tests/Pods-tcdSandbox1Tests-frameworks.sh\"\n";
			showEnvVarsInLog = 0;
		};
		64049B4101A7C75735615CF3 /* 📦 Embed Pods Frameworks */ = {
			isa = PBXShellScriptBuildPhase;
			buildActionMask = 2147483647;
			files = (
			);
			inputPaths = (
			);
			name = "📦 Embed Pods Frameworks";
			outputPaths = (
			);
			runOnlyForDeploymentPostprocessing = 0;
			shellPath = /bin/sh;
			shellScript = "\"${SRCROOT}/Pods/Target Support Files/Pods-tcdSandbox1/Pods-tcdSandbox1-frameworks.sh\"\n";
			showEnvVarsInLog = 0;
		};
		78CFC4EB0707F4C9120C5F10 /* 📦 Copy Pods Resources */ = {
			isa = PBXShellScriptBuildPhase;
			buildActionMask = 2147483647;
			files = (
			);
			inputPaths = (
			);
			name = "📦 Copy Pods Resources";
			outputPaths = (
			);
			runOnlyForDeploymentPostprocessing = 0;
			shellPath = /bin/sh;
			shellScript = "\"${SRCROOT}/Pods/Target Support Files/Pods-tcdSandbox1UITests/Pods-tcdSandbox1UITests-resources.sh\"\n";
			showEnvVarsInLog = 0;
		};
		9B0803A7DEBC384D2116C35C /* 📦 Check Pods Manifest.lock */ = {
			isa = PBXShellScriptBuildPhase;
			buildActionMask = 2147483647;
			files = (
			);
			inputPaths = (
			);
			name = "📦 Check Pods Manifest.lock";
			outputPaths = (
			);
			runOnlyForDeploymentPostprocessing = 0;
			shellPath = /bin/sh;
			shellScript = "diff \"${PODS_ROOT}/../Podfile.lock\" \"${PODS_ROOT}/Manifest.lock\" > /dev/null\nif [[ $? != 0 ]] ; then\n    cat << EOM\nerror: The sandbox is not in sync with the Podfile.lock. Run 'pod install' or update your CocoaPods installation.\nEOM\n    exit 1\nfi\n";
			showEnvVarsInLog = 0;
		};
		9FC9F9231F59E690D0CF1D11 /* 📦 Copy Pods Resources */ = {
			isa = PBXShellScriptBuildPhase;
			buildActionMask = 2147483647;
			files = (
			);
			inputPaths = (
			);
			name = "📦 Copy Pods Resources";
			outputPaths = (
			);
			runOnlyForDeploymentPostprocessing = 0;
			shellPath = /bin/sh;
			shellScript = "\"${SRCROOT}/Pods/Target Support Files/Pods-tcdSandbox1/Pods-tcdSandbox1-resources.sh\"\n";
			showEnvVarsInLog = 0;
		};
		E139E4DBEE19A8127A4C8FDD /* 📦 Check Pods Manifest.lock */ = {
			isa = PBXShellScriptBuildPhase;
			buildActionMask = 2147483647;
			files = (
			);
			inputPaths = (
			);
			name = "📦 Check Pods Manifest.lock";
			outputPaths = (
			);
			runOnlyForDeploymentPostprocessing = 0;
			shellPath = /bin/sh;
			shellScript = "diff \"${PODS_ROOT}/../Podfile.lock\" \"${PODS_ROOT}/Manifest.lock\" > /dev/null\nif [[ $? != 0 ]] ; then\n    cat << EOM\nerror: The sandbox is not in sync with the Podfile.lock. Run 'pod install' or update your CocoaPods installation.\nEOM\n    exit 1\nfi\n";
			showEnvVarsInLog = 0;
		};
		F81A8E1A9C91C035B0B288DE /* 📦 Copy Pods Resources */ = {
			isa = PBXShellScriptBuildPhase;
			buildActionMask = 2147483647;
			files = (
			);
			inputPaths = (
			);
			name = "📦 Copy Pods Resources";
			outputPaths = (
			);
			runOnlyForDeploymentPostprocessing = 0;
			shellPath = /bin/sh;
			shellScript = "\"${SRCROOT}/Pods/Target Support Files/Pods-tcdSandbox1Tests/Pods-tcdSandbox1Tests-resources.sh\"\n";
			showEnvVarsInLog = 0;
		};
/* End PBXShellScriptBuildPhase section */

/* Begin PBXSourcesBuildPhase section */
		2BED37251E2847050027163A /* Sources */ = {
			isa = PBXSourcesBuildPhase;
			buildActionMask = 2147483647;
			files = (
				2BE8B8D21E60845200E58166 /* CalendarPickerVC.swift in Sources */,
				2BB11BC21E36BB07004B7FE8 /* headerView.swift in Sources */,
				2BE8B8D41E60845200E58166 /* ContainerControllerProtocol.swift in Sources */,
				2B6CEE2F1E5E239300C83FCC /* CourseSessionObject.swift in Sources */,
				2BE8B8D91E60845200E58166 /* CourseLevelProtocol.swift in Sources */,
				2BE8B8D71E60845200E58166 /* ContentsControllerProtocol.swift in Sources */,
				2B6CEE281E5E0DB400C83FCC /* CourseLevel.swift in Sources */,
				2BE8B8D81E60845200E58166 /* ContentsVC.swift in Sources */,
				2BE8B8D11E60845200E58166 /* CalendarPickerDelegateExt.swift in Sources */,
				2B63298B1E65E5DE008AACBC /* AnimationClass.swift in Sources */,
				2B8857EC1E3143660009A9FC /* calendarCellView.swift in Sources */,
				2B6CEE2A1E5E0E8D00C83FCC /* CourseLevelCKExtension.swift in Sources */,
				2BE803DB1E6499D5008A63D7 /* individualCourseObject.swift in Sources */,
				2BE8B8D51E60845200E58166 /* ContainerCtrlDelegateExt.swift in Sources */,
				2BE8B8D61E60845200E58166 /* ContainerPickerVC.swift in Sources */,
				2BE8B8D31E60845200E58166 /* ContainerCntntDelegatesExt.swift in Sources */,
				2BED372D1E2847050027163A /* AppDelegate.swift in Sources */,
				2BE803DD1E64B0D7008A63D7 /* DateExt.swift in Sources */,
			);
			runOnlyForDeploymentPostprocessing = 0;
		};
		2BED37391E2847050027163A /* Sources */ = {
			isa = PBXSourcesBuildPhase;
			buildActionMask = 2147483647;
			files = (
				2BED37421E2847050027163A /* tcdSandboxTests.swift in Sources */,
			);
			runOnlyForDeploymentPostprocessing = 0;
		};
		2BED37441E2847050027163A /* Sources */ = {
			isa = PBXSourcesBuildPhase;
			buildActionMask = 2147483647;
			files = (
				2BED374D1E2847050027163A /* tcdSandboxUITests.swift in Sources */,
			);
			runOnlyForDeploymentPostprocessing = 0;
		};
/* End PBXSourcesBuildPhase section */

/* Begin PBXTargetDependency section */
		2BED373F1E2847050027163A /* PBXTargetDependency */ = {
			isa = PBXTargetDependency;
			target = 2BED37281E2847050027163A /* tcdApp */;
			targetProxy = 2BED373E1E2847050027163A /* PBXContainerItemProxy */;
		};
		2BED374A1E2847050027163A /* PBXTargetDependency */ = {
			isa = PBXTargetDependency;
			target = 2BED37281E2847050027163A /* tcdApp */;
			targetProxy = 2BED37491E2847050027163A /* PBXContainerItemProxy */;
		};
/* End PBXTargetDependency section */

/* Begin PBXVariantGroup section */
		2BED37301E2847050027163A /* Main.storyboard */ = {
			isa = PBXVariantGroup;
			children = (
				2BED37311E2847050027163A /* Base */,
			);
			name = Main.storyboard;
			sourceTree = "<group>";
		};
		2BED37351E2847050027163A /* LaunchScreen.storyboard */ = {
			isa = PBXVariantGroup;
			children = (
				2BED37361E2847050027163A /* Base */,
			);
			name = LaunchScreen.storyboard;
			sourceTree = "<group>";
		};
/* End PBXVariantGroup section */

/* Begin XCBuildConfiguration section */
		2BED374F1E2847050027163A /* Debug */ = {
			isa = XCBuildConfiguration;
			buildSettings = {
				ALWAYS_SEARCH_USER_PATHS = NO;
				CLANG_ANALYZER_NONNULL = YES;
				CLANG_CXX_LANGUAGE_STANDARD = "gnu++0x";
				CLANG_CXX_LIBRARY = "libc++";
				CLANG_ENABLE_MODULES = YES;
				CLANG_ENABLE_OBJC_ARC = YES;
				CLANG_WARN_BOOL_CONVERSION = YES;
				CLANG_WARN_CONSTANT_CONVERSION = YES;
				CLANG_WARN_DIRECT_OBJC_ISA_USAGE = YES_ERROR;
				CLANG_WARN_DOCUMENTATION_COMMENTS = YES;
				CLANG_WARN_EMPTY_BODY = YES;
				CLANG_WARN_ENUM_CONVERSION = YES;
				CLANG_WARN_INFINITE_RECURSION = YES;
				CLANG_WARN_INT_CONVERSION = YES;
				CLANG_WARN_OBJC_ROOT_CLASS = YES_ERROR;
				CLANG_WARN_SUSPICIOUS_MOVE = YES;
				CLANG_WARN_UNREACHABLE_CODE = YES;
				CLANG_WARN__DUPLICATE_METHOD_MATCH = YES;
				"CODE_SIGN_IDENTITY[sdk=iphoneos*]" = "iPhone Developer";
				COPY_PHASE_STRIP = NO;
				DEBUG_INFORMATION_FORMAT = dwarf;
				ENABLE_STRICT_OBJC_MSGSEND = YES;
				ENABLE_TESTABILITY = YES;
				GCC_C_LANGUAGE_STANDARD = gnu99;
				GCC_DYNAMIC_NO_PIC = NO;
				GCC_NO_COMMON_BLOCKS = YES;
				GCC_OPTIMIZATION_LEVEL = 0;
				GCC_PREPROCESSOR_DEFINITIONS = (
					"DEBUG=1",
					"$(inherited)",
				);
				GCC_WARN_64_TO_32_BIT_CONVERSION = YES;
				GCC_WARN_ABOUT_RETURN_TYPE = YES_ERROR;
				GCC_WARN_UNDECLARED_SELECTOR = YES;
				GCC_WARN_UNINITIALIZED_AUTOS = YES_AGGRESSIVE;
				GCC_WARN_UNUSED_FUNCTION = YES;
				GCC_WARN_UNUSED_VARIABLE = YES;
				IPHONEOS_DEPLOYMENT_TARGET = 10.2;
				MTL_ENABLE_DEBUG_INFO = YES;
				ONLY_ACTIVE_ARCH = YES;
				SDKROOT = iphoneos;
				SWIFT_ACTIVE_COMPILATION_CONDITIONS = DEBUG;
				SWIFT_OPTIMIZATION_LEVEL = "-Onone";
				TARGETED_DEVICE_FAMILY = "1,2";
			};
			name = Debug;
		};
		2BED37501E2847050027163A /* Release */ = {
			isa = XCBuildConfiguration;
			buildSettings = {
				ALWAYS_SEARCH_USER_PATHS = NO;
				CLANG_ANALYZER_NONNULL = YES;
				CLANG_CXX_LANGUAGE_STANDARD = "gnu++0x";
				CLANG_CXX_LIBRARY = "libc++";
				CLANG_ENABLE_MODULES = YES;
				CLANG_ENABLE_OBJC_ARC = YES;
				CLANG_WARN_BOOL_CONVERSION = YES;
				CLANG_WARN_CONSTANT_CONVERSION = YES;
				CLANG_WARN_DIRECT_OBJC_ISA_USAGE = YES_ERROR;
				CLANG_WARN_DOCUMENTATION_COMMENTS = YES;
				CLANG_WARN_EMPTY_BODY = YES;
				CLANG_WARN_ENUM_CONVERSION = YES;
				CLANG_WARN_INFINITE_RECURSION = YES;
				CLANG_WARN_INT_CONVERSION = YES;
				CLANG_WARN_OBJC_ROOT_CLASS = YES_ERROR;
				CLANG_WARN_SUSPICIOUS_MOVE = YES;
				CLANG_WARN_UNREACHABLE_CODE = YES;
				CLANG_WARN__DUPLICATE_METHOD_MATCH = YES;
				"CODE_SIGN_IDENTITY[sdk=iphoneos*]" = "iPhone Developer";
				COPY_PHASE_STRIP = NO;
				DEBUG_INFORMATION_FORMAT = "dwarf-with-dsym";
				ENABLE_NS_ASSERTIONS = NO;
				ENABLE_STRICT_OBJC_MSGSEND = YES;
				GCC_C_LANGUAGE_STANDARD = gnu99;
				GCC_NO_COMMON_BLOCKS = YES;
				GCC_WARN_64_TO_32_BIT_CONVERSION = YES;
				GCC_WARN_ABOUT_RETURN_TYPE = YES_ERROR;
				GCC_WARN_UNDECLARED_SELECTOR = YES;
				GCC_WARN_UNINITIALIZED_AUTOS = YES_AGGRESSIVE;
				GCC_WARN_UNUSED_FUNCTION = YES;
				GCC_WARN_UNUSED_VARIABLE = YES;
				IPHONEOS_DEPLOYMENT_TARGET = 10.2;
				MTL_ENABLE_DEBUG_INFO = NO;
				SDKROOT = iphoneos;
				SWIFT_OPTIMIZATION_LEVEL = "-Owholemodule";
				TARGETED_DEVICE_FAMILY = "1,2";
				VALIDATE_PRODUCT = YES;
			};
			name = Release;
		};
		2BED37521E2847050027163A /* Debug */ = {
			isa = XCBuildConfiguration;
			baseConfigurationReference = 805AF0DC47440350E066C49B /* Pods-tcdSandbox1.debug.xcconfig */;
			buildSettings = {
				ALWAYS_EMBED_SWIFT_STANDARD_LIBRARIES = YES;
				ASSETCATALOG_COMPILER_APPICON_NAME = AppIcon;
				CODE_SIGN_ENTITLEMENTS = tcdApp.entitlements;
				DEVELOPMENT_TEAM = V8CTKMGRU2;
				FRAMEWORK_SEARCH_PATHS = (
					"$(inherited)",
					"$(PROJECT_DIR)/Carthage/Build/iOS",
				);
				INFOPLIST_FILE = tcdSandbox/Info.plist;
				LD_RUNPATH_SEARCH_PATHS = "$(inherited) @executable_path/Frameworks";
				PRODUCT_BUNDLE_IDENTIFIER = com.theironyardhouston.com.tcdApp;
				PRODUCT_NAME = "$(TARGET_NAME)";
				SWIFT_VERSION = 3.0;
			};
			name = Debug;
		};
		2BED37531E2847050027163A /* Release */ = {
			isa = XCBuildConfiguration;
			baseConfigurationReference = FE8B43903575C554B043000E /* Pods-tcdSandbox1.release.xcconfig */;
			buildSettings = {
				ALWAYS_EMBED_SWIFT_STANDARD_LIBRARIES = YES;
				ASSETCATALOG_COMPILER_APPICON_NAME = AppIcon;
				CODE_SIGN_ENTITLEMENTS = tcdApp.entitlements;
				DEVELOPMENT_TEAM = V8CTKMGRU2;
				FRAMEWORK_SEARCH_PATHS = (
					"$(inherited)",
					"$(PROJECT_DIR)/Carthage/Build/iOS",
				);
				INFOPLIST_FILE = tcdSandbox/Info.plist;
				LD_RUNPATH_SEARCH_PATHS = "$(inherited) @executable_path/Frameworks";
				PRODUCT_BUNDLE_IDENTIFIER = com.theironyardhouston.com.tcdApp;
				PRODUCT_NAME = "$(TARGET_NAME)";
				SWIFT_VERSION = 3.0;
			};
			name = Release;
		};
		2BED37551E2847050027163A /* Debug */ = {
			isa = XCBuildConfiguration;
			baseConfigurationReference = D871603DFF5881485D38BC77 /* Pods-tcdSandbox1Tests.debug.xcconfig */;
			buildSettings = {
				ALWAYS_EMBED_SWIFT_STANDARD_LIBRARIES = YES;
				BUNDLE_LOADER = "$(TEST_HOST)";
				INFOPLIST_FILE = tcdSandboxTests/Info.plist;
				LD_RUNPATH_SEARCH_PATHS = "$(inherited) @executable_path/Frameworks @loader_path/Frameworks";
				PRODUCT_BUNDLE_IDENTIFIER = com.theironyardhouston.com.tcdSandboxTests;
				PRODUCT_NAME = "$(TARGET_NAME)";
				SWIFT_VERSION = 3.0;
				TEST_HOST = "$(BUILT_PRODUCTS_DIR)/tcdApp.app/tcdApp";
			};
			name = Debug;
		};
		2BED37561E2847050027163A /* Release */ = {
			isa = XCBuildConfiguration;
			baseConfigurationReference = CED4ED2BDF1EC4693542C187 /* Pods-tcdSandbox1Tests.release.xcconfig */;
			buildSettings = {
				ALWAYS_EMBED_SWIFT_STANDARD_LIBRARIES = YES;
				BUNDLE_LOADER = "$(TEST_HOST)";
				INFOPLIST_FILE = tcdSandboxTests/Info.plist;
				LD_RUNPATH_SEARCH_PATHS = "$(inherited) @executable_path/Frameworks @loader_path/Frameworks";
				PRODUCT_BUNDLE_IDENTIFIER = com.theironyardhouston.com.tcdSandboxTests;
				PRODUCT_NAME = "$(TARGET_NAME)";
				SWIFT_VERSION = 3.0;
				TEST_HOST = "$(BUILT_PRODUCTS_DIR)/tcdApp.app/tcdApp";
			};
			name = Release;
		};
		2BED37581E2847050027163A /* Debug */ = {
			isa = XCBuildConfiguration;
			baseConfigurationReference = 7F7F28D0006DB6284D38088A /* Pods-tcdSandbox1UITests.debug.xcconfig */;
			buildSettings = {
				ALWAYS_EMBED_SWIFT_STANDARD_LIBRARIES = YES;
				INFOPLIST_FILE = tcdSandboxUITests/Info.plist;
				LD_RUNPATH_SEARCH_PATHS = "$(inherited) @executable_path/Frameworks @loader_path/Frameworks";
				PRODUCT_BUNDLE_IDENTIFIER = com.theironyardhouston.com.tcdSandboxUITests;
				PRODUCT_NAME = "$(TARGET_NAME)";
				SWIFT_VERSION = 3.0;
				TEST_TARGET_NAME = tcdSandbox;
			};
			name = Debug;
		};
		2BED37591E2847050027163A /* Release */ = {
			isa = XCBuildConfiguration;
			baseConfigurationReference = 39885E8A457117152D56CF1B /* Pods-tcdSandbox1UITests.release.xcconfig */;
			buildSettings = {
				ALWAYS_EMBED_SWIFT_STANDARD_LIBRARIES = YES;
				INFOPLIST_FILE = tcdSandboxUITests/Info.plist;
				LD_RUNPATH_SEARCH_PATHS = "$(inherited) @executable_path/Frameworks @loader_path/Frameworks";
				PRODUCT_BUNDLE_IDENTIFIER = com.theironyardhouston.com.tcdSandboxUITests;
				PRODUCT_NAME = "$(TARGET_NAME)";
				SWIFT_VERSION = 3.0;
				TEST_TARGET_NAME = tcdSandbox;
			};
			name = Release;
		};
/* End XCBuildConfiguration section */

/* Begin XCConfigurationList section */
		2BED37241E2847050027163A /* Build configuration list for PBXProject "tcdApp" */ = {
			isa = XCConfigurationList;
			buildConfigurations = (
				2BED374F1E2847050027163A /* Debug */,
				2BED37501E2847050027163A /* Release */,
			);
			defaultConfigurationIsVisible = 0;
			defaultConfigurationName = Release;
		};
		2BED37511E2847050027163A /* Build configuration list for PBXNativeTarget "tcdApp" */ = {
			isa = XCConfigurationList;
			buildConfigurations = (
				2BED37521E2847050027163A /* Debug */,
				2BED37531E2847050027163A /* Release */,
			);
			defaultConfigurationIsVisible = 0;
			defaultConfigurationName = Release;
		};
		2BED37541E2847050027163A /* Build configuration list for PBXNativeTarget "tcdAppTests" */ = {
			isa = XCConfigurationList;
			buildConfigurations = (
				2BED37551E2847050027163A /* Debug */,
				2BED37561E2847050027163A /* Release */,
			);
			defaultConfigurationIsVisible = 0;
			defaultConfigurationName = Release;
		};
		2BED37571E2847050027163A /* Build configuration list for PBXNativeTarget "tcdAppUITests" */ = {
			isa = XCConfigurationList;
			buildConfigurations = (
				2BED37581E2847050027163A /* Debug */,
				2BED37591E2847050027163A /* Release */,
			);
			defaultConfigurationIsVisible = 0;
			defaultConfigurationName = Release;
		};
/* End XCConfigurationList section */
	};
	rootObject = 2BED37211E2847050027163A /* Project object */;
}
